lockfileVersion: '9.0'

settings:
  autoInstallPeers: true
  excludeLinksFromLockfile: false

importers:

  .:
    devDependencies:
      bats:
        specifier: ^1.12.0
        version: 1.12.0
      lefthook:
        specifier: ^1.12.2
        version: 1.12.2
      rust-just:
        specifier: ^1.42.4
        version: 1.42.4

packages:

  '@sec-ant/readable-stream@0.4.1':
    resolution: {integrity: sha512-831qok9r2t8AlxLko40y2ebgSDhenenCatLVeW/uBtnHPyhHOvG0C7TvfgecV+wHzIm5KUICgzmVpWS+IMEAeg==}

  '@sindresorhus/merge-streams@4.0.0':
    resolution: {integrity: sha512-tlqY9xq5ukxTUZBmoOp+m61cqwQD5pHJtFY3Mn8CA8ps6yghLH/Hw8UPdqg4OLmFW3IFlcXnQNmo/dh8HzXYIQ==}
    engines: {node: '>=18'}

  ansi-regex@6.1.0:
    resolution: {integrity: sha512-7HSX4QQb4CspciLpVFwyRe79O3xsIZDDLER21kERQ71oaPodF8jL725AgJMFAYbooIqolJoRLuM81SpeUkpkvA==}
    engines: {node: '>=12'}

  ansi-styles@6.2.1:
    resolution: {integrity: sha512-bN798gFfQX+viw3R7yrGWRqnrN2oRkEkUjjl4JNn4E8GxxbjtG3FbrEIIY3l8/hrwUwIeCZvi4QuOTP4MErVug==}
    engines: {node: '>=12'}

  bats@1.12.0:
    resolution: {integrity: sha512-1HTv2n+fjn3bmY9SNDgmzS6bjoKtVlSK2pIHON5aSA2xaqGkZFoCCWP46/G6jm9zZ7MCi84mD+3Byw4t3KGwBg==}
    hasBin: true

  cliui@9.0.1:
    resolution: {integrity: sha512-k7ndgKhwoQveBL+/1tqGJYNz097I7WOvwbmmU2AR5+magtbjPWQTS1C5vzGkBC8Ym8UWRzfKUzUUqFLypY4Q+w==}
    engines: {node: '>=20'}

  cross-spawn@7.0.6:
    resolution: {integrity: sha512-uV2QOWP2nWzsy2aMp8aRibhi9dlzF5Hgh5SHaB9OiTGEyDTiJJyx0uy51QXdyWbtAHNua4XJzUKca3OzKUd3vA==}
    engines: {node: '>= 8'}

  emoji-regex@10.4.0:
    resolution: {integrity: sha512-EC+0oUMY1Rqm4O6LLrgjtYDvcVYTy7chDnM4Q7030tP4Kwj3u/pR6gP9ygnp2CJMK5Gq+9Q2oqmrFJAz01DXjw==}

  escalade@3.2.0:
    resolution: {integrity: sha512-WUj2qlxaQtO4g6Pq5c29GTcWGDyd8itL8zTlipgECz3JesAiiOKotd8JU6otB3PACgG6xkJUyVhboMS+bje/jA==}
    engines: {node: '>=6'}

  execa@9.6.0:
    resolution: {integrity: sha512-jpWzZ1ZhwUmeWRhS7Qv3mhpOhLfwI+uAX4e5fOcXqwMR7EcJ0pj2kV1CVzHVMX/LphnKWD3LObjZCoJ71lKpHw==}
    engines: {node: ^18.19.0 || >=20.5.0}

  figures@6.1.0:
    resolution: {integrity: sha512-d+l3qxjSesT4V7v2fh+QnmFnUWv9lSpjarhShNTgBOfA0ttejbQUAlHLitbjkoRiDulW0OPoQPYIGhIC8ohejg==}
    engines: {node: '>=18'}

  get-caller-file@2.0.5:
    resolution: {integrity: sha512-DyFP3BM/3YHTQOCUL/w0OZHR0lpKeGrxotcHWcqNEdnltqFwXVfhEBQ94eIo34AfQpo0rGki4cyIiftY06h2Fg==}
    engines: {node: 6.* || 8.* || >= 10.*}

  get-east-asian-width@1.3.0:
    resolution: {integrity: sha512-vpeMIQKxczTD/0s2CdEWHcb0eeJe6TFjxb+J5xgX7hScxqrGuyjmv4c1D4A/gelKfyox0gJJwIHF+fLjeaM8kQ==}
    engines: {node: '>=18'}

  get-stream@9.0.1:
    resolution: {integrity: sha512-kVCxPF3vQM/N0B1PmoqVUqgHP+EeVjmZSQn+1oCRPxd2P21P2F19lIgbR3HBosbB1PUhOAoctJnfEn2GbN2eZA==}
    engines: {node: '>=18'}

  human-signals@8.0.1:
    resolution: {integrity: sha512-eKCa6bwnJhvxj14kZk5NCPc6Hb6BdsU9DZcOnmQKSnO1VKrfV0zCvtttPZUsBvjmNDn8rpcJfpwSYnHBjc95MQ==}
    engines: {node: '>=18.18.0'}

  is-plain-obj@4.1.0:
    resolution: {integrity: sha512-+Pgi+vMuUNkJyExiMBt5IlFoMyKnr5zhJ4Uspz58WOhBF5QoIZkFyNHIbBAtHwzVAgk5RtndVNsDRN61/mmDqg==}
    engines: {node: '>=12'}

  is-stream@4.0.1:
    resolution: {integrity: sha512-Dnz92NInDqYckGEUJv689RbRiTSEHCQ7wOVeALbkOz999YpqT46yMRIGtSNl2iCL1waAZSx40+h59NV/EwzV/A==}
    engines: {node: '>=18'}

  is-unicode-supported@2.1.0:
    resolution: {integrity: sha512-mE00Gnza5EEB3Ds0HfMyllZzbBrmLOX3vfWoj9A9PEnTfratQ/BcaJOuMhnkhjXvb2+FkY3VuHqtAGpTPmglFQ==}
    engines: {node: '>=18'}

  isexe@2.0.0:
    resolution: {integrity: sha512-RHxMLp9lnKHGHRng9QFhRCMbYAcVpn69smSGcq3f36xjgVVWThj4qqLbTLlq7Ssj8B+fIQ1EuCEGI2lKsyQeIw==}

  lefthook-darwin-arm64@1.12.2:
    resolution: {integrity: sha512-fTxeI9tEskrHjc3QyEO+AG7impBXY2Ed8V5aiRc3fw9POfYtVh9b5jRx90fjk2+ld5hf+Z1DsyyLq/vOHDFskQ==}
    cpu: [arm64]
    os: [darwin]

  lefthook-darwin-x64@1.12.2:
    resolution: {integrity: sha512-T1dCDKAAfdHgYZ8qtrS02SJSHoR52RFcrGArFNll9Mu4ZSV19Sp8BO+kTwDUOcLYdcPGNaqOp9PkRBQGZWQC7g==}
    cpu: [x64]
    os: [darwin]

  lefthook-freebsd-arm64@1.12.2:
    resolution: {integrity: sha512-2n9z7Q4BKeMBoB9cuEdv0UBQH82Z4GgBQpCrfjCtyzpDnYQwrH8Tkrlnlko4qPh9MM6nLLGIYMKsA5nltzo8Cg==}
    cpu: [arm64]
    os: [freebsd]

  lefthook-freebsd-x64@1.12.2:
    resolution: {integrity: sha512-1hNY/irY+/3kjRzKoJYxG+m3BYI8QxopJUK1PQnknGo1Wy5u302SdX+tR7pnpz6JM5chrNw4ozSbKKOvdZ5VEw==}
    cpu: [x64]
    os: [freebsd]

  lefthook-linux-arm64@1.12.2:
    resolution: {integrity: sha512-1W4swYIVRkxq/LFTuuK4oVpd6NtTKY4E3VY2Uq2JDkIOJV46+8qGBF+C/QA9K3O9chLffgN7c+i+NhIuGiZ/Vw==}
    cpu: [arm64]
    os: [linux]

  lefthook-linux-x64@1.12.2:
    resolution: {integrity: sha512-J6VGuMfhq5iCsg1Pv7xULbuXC63gP5LaikT0PhkyBNMi3HQneZFDJ8k/sp0Ue9HkQv6QfWIo3/FgB9gz38MCFw==}
    cpu: [x64]
    os: [linux]

  lefthook-openbsd-arm64@1.12.2:
    resolution: {integrity: sha512-wncDRW3ml24DaOyH22KINumjvCohswbQqbxyH2GORRCykSnE859cTjOrRIchTKBIARF7PSeGPUtS7EK0+oDbaw==}
    cpu: [arm64]
    os: [openbsd]

  lefthook-openbsd-x64@1.12.2:
    resolution: {integrity: sha512-2jDOkCHNnc/oK/vR62hAf3vZb1EQ6Md2GjIlgZ/V7A3ztOsM8QZ5IxwYN3D1UOIR5ZnwMBy7PtmTJC/HJrig5w==}
    cpu: [x64]
    os: [openbsd]

  lefthook-windows-arm64@1.12.2:
    resolution: {integrity: sha512-ZMH/q6UNSidhHEG/1QoqIl1n4yPTBWuVmKx5bONtKHicoz4QCQ+QEiNjKsG5OO4C62nfyHGThmweCzZVUQECJw==}
    cpu: [arm64]
    os: [win32]

  lefthook-windows-x64@1.12.2:
    resolution: {integrity: sha512-TqT2jIPcTQ9uwaw+v+DTmvnUHM/p7bbsSrPoPX+fRXSGLzFjyiY+12C9dObSwfCQq6rT70xqQJ9AmftJQsa5/Q==}
    cpu: [x64]
    os: [win32]

  lefthook@1.12.2:
    resolution: {integrity: sha512-2CeTu5NcmoT9YnqsHTq/TF36MlqlzHzhivGx3DrXHwcff4TdvrkIwUTA56huM3Nlo5ODAF/0hlPzaKLmNHCBnQ==}
    hasBin: true

  npm-run-path@6.0.0:
    resolution: {integrity: sha512-9qny7Z9DsQU8Ou39ERsPU4OZQlSTP47ShQzuKZ6PRXpYLtIFgl/DEBYEXKlvcEa+9tHVcK8CF81Y2V72qaZhWA==}
    engines: {node: '>=18'}

  parse-ms@4.0.0:
    resolution: {integrity: sha512-TXfryirbmq34y8QBwgqCVLi+8oA3oWx2eAnSn62ITyEhEYaWRlVZ2DvMM9eZbMs/RfxPu/PK/aBLyGj4IrqMHw==}
    engines: {node: '>=18'}

  path-key@3.1.1:
    resolution: {integrity: sha512-ojmeN0qd+y0jszEtoY48r0Peq5dwMEkIlCOu6Q5f41lfkswXuKtYrhgoTpLnyIcHm24Uhqx+5Tqm2InSwLhE6Q==}
    engines: {node: '>=8'}

  path-key@4.0.0:
    resolution: {integrity: sha512-haREypq7xkM7ErfgIyA0z+Bj4AGKlMSdlQE2jvJo6huWD1EdkKYV+G/T4nq0YEF2vgTT8kqMFKo1uHn950r4SQ==}
    engines: {node: '>=12'}

  pretty-ms@9.2.0:
    resolution: {integrity: sha512-4yf0QO/sllf/1zbZWYnvWw3NxCQwLXKzIj0G849LSufP15BXKM0rbD2Z3wVnkMfjdn/CB0Dpp444gYAACdsplg==}
    engines: {node: '>=18'}

  rust-just-darwin-arm64@1.42.4:
    resolution: {integrity: sha512-ivTFJTZy+/9v0boG2bqlmGN32qqQoXjVrphg3k6ft0RZfYzKG5T+QFV/9GeR+iBcOwRBhO2PQn3EhMSIAqMVow==}
    cpu: [arm64]
    os: [darwin]

  rust-just-darwin-x64@1.42.4:
    resolution: {integrity: sha512-2fA+xgmCtz2/pixIY8aoEsEXe1+iC6D9eN5HNMFRbrJBHnLSwYj23g959kUUBVBZC4sgLQ4cbGsO+6J7iexHTA==}
    cpu: [x64]
    os: [darwin]

  rust-just-linux-arm64@1.42.4:
    resolution: {integrity: sha512-pThTQN6dbwBnMba7w1BIJZdWgOvlz+5WATuzCsse0IV9XoGO0Un8wwcmZX++WqRKGuIKazfPZpwi9rYoi8BSfw==}
    cpu: [arm64]
    os: [linux]

  rust-just-linux-arm@1.42.4:
    resolution: {integrity: sha512-abD4qdv9Anra7hB/MUzdrLUYilcJ3vM5CjmOuHlgk5ULi94GAjSFcBwMC4AvY2iCwghW2S+mO9shIQ6kktE25w==}
    cpu: [arm]
    os: [linux]

  rust-just-linux-x64@1.42.4:
    resolution: {integrity: sha512-atNHV1ERjOxMA2cHsywTSeScTPOtXHLy+5HbVINf4z/AgyvuUrPVSiqtUPgt2IKmqUmLK3TjWakVCy5JP0K37w==}
    cpu: [x64]
    os: [linux]

  rust-just-windows-arm64@1.42.4:
    resolution: {integrity: sha512-gOgFUifkIINIkS9+O8r1G23m1RMcVlOeENYEK97odLxxb6KU/oOQc1lyxfCwkcmfvp+TT+rPiIF7jlt9YqTZhw==}
    cpu: [arm64]
    os: [win32]

  rust-just-windows-x64@1.42.4:
    resolution: {integrity: sha512-W7EviuPzvo0wWJAyPgP4PORkoshy3s8OMjEunrAeSpmREKsOKD6yS0W98b7AqxPBgC6bbycmPQZT2Se55QMxXw==}
    cpu: [x64]
    os: [win32]

  rust-just@1.42.4:
    resolution: {integrity: sha512-Nzo+H3IrtlN58QjdKfURUXf919pVyGEJbWsH7ypzVtMSIkCL2EaBjYzVTfgq+GR2ZmQM4AikEq+UIjq/HAOYbw==}
    engines: {node: '>=20.19.0'}
    hasBin: true

  shebang-command@2.0.0:
    resolution: {integrity: sha512-kHxr2zZpYtdmrN1qDjrrX/Z1rR1kG8Dx+gkpK1G4eXmvXswmcE1hTWBWYUzlraYw1/yZp6YuDY77YtvbN0dmDA==}
    engines: {node: '>=8'}

  shebang-regex@3.0.0:
    resolution: {integrity: sha512-7++dFhtcx3353uBaq8DDR4NuxBetBzC7ZQOhmTQInHEd6bSrXdiEyzCvG07Z44UYdLShWUyXt5M/yhz8ekcb1A==}
    engines: {node: '>=8'}

  signal-exit@4.1.0:
    resolution: {integrity: sha512-bzyZ1e88w9O1iNJbKnOlvYTrWPDl46O1bG0D3XInv+9tkPrxrN8jUUTiFlDkkmKWgn1M6CfIA13SuGqOa9Korw==}
    engines: {node: '>=14'}

  string-width@7.2.0:
    resolution: {integrity: sha512-tsaTIkKW9b4N+AEj+SVA+WhJzV7/zMhcSu78mLKWSk7cXMOSHsBKFWUs0fWwq8QyK3MgJBQRX6Gbi4kYbdvGkQ==}
    engines: {node: '>=18'}

  strip-ansi@7.1.0:
    resolution: {integrity: sha512-iq6eVVI64nQQTRYq2KtEg2d2uU7LElhTJwsH4YzIHZshxlgZms/wIc4VoDQTlG/IvVIrBKG06CrZnp0qv7hkcQ==}
    engines: {node: '>=12'}

  strip-final-newline@4.0.0:
    resolution: {integrity: sha512-aulFJcD6YK8V1G7iRB5tigAP4TsHBZZrOV8pjV++zdUwmeV8uzbY7yn6h9MswN62adStNZFuCIx4haBnRuMDaw==}
    engines: {node: '>=18'}

  unicorn-magic@0.3.0:
    resolution: {integrity: sha512-+QBBXBCvifc56fsbuxZQ6Sic3wqqc3WWaqxs58gvJrcOuN83HGTCwz3oS5phzU9LthRNE9VrJCFCLUgHeeFnfA==}
    engines: {node: '>=18'}

  which@2.0.2:
    resolution: {integrity: sha512-BLI3Tl1TW3Pvl70l3yq3Y64i+awpwXqsGBYWkkqMtnbXgrMD+yj7rhW0kuEDxzJaYXGjEW5ogapKNMEKNMjibA==}
    engines: {node: '>= 8'}
    hasBin: true

  wrap-ansi@9.0.0:
    resolution: {integrity: sha512-G8ura3S+3Z2G+mkgNRq8dqaFZAuxfsxpBB8OCTGRTCtp+l/v9nbFNmCUP1BZMts3G1142MsZfn6eeUKrr4PD1Q==}
    engines: {node: '>=18'}

  y18n@5.0.8:
    resolution: {integrity: sha512-0pfFzegeDWJHJIAmTLRP2DwHjdF5s7jo9tuztdQxAhINCdvS+3nGINqPd00AphqJR/0LhANUS6/+7SCb98YOfA==}
    engines: {node: '>=10'}

  yargs-parser@22.0.0:
    resolution: {integrity: sha512-rwu/ClNdSMpkSrUb+d6BRsSkLUq1fmfsY6TOpYzTwvwkg1/NRG85KBy3kq++A8LKQwX6lsu+aWad+2khvuXrqw==}
    engines: {node: ^20.19.0 || ^22.12.0 || >=23}

  yargs@18.0.0:
    resolution: {integrity: sha512-4UEqdc2RYGHZc7Doyqkrqiln3p9X2DZVxaGbwhn2pi7MrRagKaOcIKe8L3OxYcbhXLgLFUS3zAYuQjKBQgmuNg==}
    engines: {node: ^20.19.0 || ^22.12.0 || >=23}

  yoctocolors@2.1.1:
    resolution: {integrity: sha512-GQHQqAopRhwU8Kt1DDM8NjibDXHC8eoh1erhGAJPEyveY9qqVeXvVikNKrDz69sHowPMorbPUrH/mx8c50eiBQ==}
    engines: {node: '>=18'}

snapshots:

  '@sec-ant/readable-stream@0.4.1': {}

  '@sindresorhus/merge-streams@4.0.0': {}

  ansi-regex@6.1.0: {}

  ansi-styles@6.2.1: {}

  bats@1.12.0: {}

  cliui@9.0.1:
    dependencies:
      string-width: 7.2.0
      strip-ansi: 7.1.0
      wrap-ansi: 9.0.0

  cross-spawn@7.0.6:
    dependencies:
      path-key: 3.1.1
      shebang-command: 2.0.0
      which: 2.0.2

  emoji-regex@10.4.0: {}

  escalade@3.2.0: {}

  execa@9.6.0:
    dependencies:
      '@sindresorhus/merge-streams': 4.0.0
      cross-spawn: 7.0.6
      figures: 6.1.0
      get-stream: 9.0.1
      human-signals: 8.0.1
      is-plain-obj: 4.1.0
      is-stream: 4.0.1
      npm-run-path: 6.0.0
      pretty-ms: 9.2.0
      signal-exit: 4.1.0
      strip-final-newline: 4.0.0
      yoctocolors: 2.1.1

  figures@6.1.0:
    dependencies:
      is-unicode-supported: 2.1.0

  get-caller-file@2.0.5: {}

  get-east-asian-width@1.3.0: {}

  get-stream@9.0.1:
    dependencies:
      '@sec-ant/readable-stream': 0.4.1
      is-stream: 4.0.1

  human-signals@8.0.1: {}

  is-plain-obj@4.1.0: {}

  is-stream@4.0.1: {}

  is-unicode-supported@2.1.0: {}

  isexe@2.0.0: {}

  lefthook-darwin-arm64@1.12.2:
    optional: true

  lefthook-darwin-x64@1.12.2:
    optional: true

  lefthook-freebsd-arm64@1.12.2:
    optional: true

  lefthook-freebsd-x64@1.12.2:
    optional: true

  lefthook-linux-arm64@1.12.2:
    optional: true

  lefthook-linux-x64@1.12.2:
    optional: true

  lefthook-openbsd-arm64@1.12.2:
    optional: true

  lefthook-openbsd-x64@1.12.2:
    optional: true

  lefthook-windows-arm64@1.12.2:
    optional: true

  lefthook-windows-x64@1.12.2:
    optional: true

  lefthook@1.12.2:
    optionalDependencies:
      lefthook-darwin-arm64: 1.12.2
      lefthook-darwin-x64: 1.12.2
      lefthook-freebsd-arm64: 1.12.2
      lefthook-freebsd-x64: 1.12.2
      lefthook-linux-arm64: 1.12.2
      lefthook-linux-x64: 1.12.2
      lefthook-openbsd-arm64: 1.12.2
      lefthook-openbsd-x64: 1.12.2
      lefthook-windows-arm64: 1.12.2
      lefthook-windows-x64: 1.12.2

  npm-run-path@6.0.0:
    dependencies:
      path-key: 4.0.0
      unicorn-magic: 0.3.0

  parse-ms@4.0.0: {}

  path-key@3.1.1: {}

  path-key@4.0.0: {}

  pretty-ms@9.2.0:
    dependencies:
      parse-ms: 4.0.0

  rust-just-darwin-arm64@1.42.4:
    optional: true

  rust-just-darwin-x64@1.42.4:
    optional: true

  rust-just-linux-arm64@1.42.4:
    optional: true

  rust-just-linux-arm@1.42.4:
    optional: true

  rust-just-linux-x64@1.42.4:
    optional: true

  rust-just-windows-arm64@1.42.4:
    optional: true

  rust-just-windows-x64@1.42.4:
    optional: true

  rust-just@1.42.4:
    dependencies:
      execa: 9.6.0
      yargs: 18.0.0
    optionalDependencies:
      rust-just-darwin-arm64: 1.42.4
      rust-just-darwin-x64: 1.42.4
      rust-just-linux-arm: 1.42.4
      rust-just-linux-arm64: 1.42.4
      rust-just-linux-x64: 1.42.4
      rust-just-windows-arm64: 1.42.4
      rust-just-windows-x64: 1.42.4

  shebang-command@2.0.0:
    dependencies:
      shebang-regex: 3.0.0

  shebang-regex@3.0.0: {}

  signal-exit@4.1.0: {}

  string-width@7.2.0:
    dependencies:
      emoji-regex: 10.4.0
      get-east-asian-width: 1.3.0
      strip-ansi: 7.1.0

  strip-ansi@7.1.0:
    dependencies:
      ansi-regex: 6.1.0

  strip-final-newline@4.0.0: {}

  unicorn-magic@0.3.0: {}

  which@2.0.2:
    dependencies:
      isexe: 2.0.0

  wrap-ansi@9.0.0:
    dependencies:
      ansi-styles: 6.2.1
      string-width: 7.2.0
      strip-ansi: 7.1.0

  y18n@5.0.8: {}

  yargs-parser@22.0.0: {}

  yargs@18.0.0:
    dependencies:
      cliui: 9.0.1
      escalade: 3.2.0
      get-caller-file: 2.0.5
      string-width: 7.2.0
      y18n: 5.0.8
      yargs-parser: 22.0.0

  yoctocolors@2.1.1: {}
